
Microsoft Visual Studio Solution File, Format Version 12.00
# Visual Studio 14
VisualStudioVersion = 14.0.25420.1
MinimumVisualStudioVersion = 10.0.40219.1
Project("{2150E333-8FDC-42A3-9474-1A3956D46DE8}") = "src", "src", "{098461F2-890B-4073-B618-187F289C8779}"
EndProject
Project("{2150E333-8FDC-42A3-9474-1A3956D46DE8}") = "Solution Items", "Solution Items", "{7C8BF186-A29A-41E4-8BEE-48240B0D193B}"
	ProjectSection(SolutionItems) = preProject
		global.json = global.json
	EndProjectSection
EndProject
Project("{8BB2217D-0F2D-49D1-97BC-3654ED321F3B}") = "SwaggerCodegen", "src\SwaggerCodegen\SwaggerCodegen.xproj", "{81DB5FAD-CAE9-4DAE-9ECB-61A3316E7098}"
EndProject
Global
	GlobalSection(SolutionConfigurationPlatforms) = preSolution
		Debug|Any CPU = Debug|Any CPU
		Release|Any CPU = Release|Any CPU
	EndGlobalSection
	GlobalSection(ProjectConfigurationPlatforms) = postSolution
		{81DB5FAD-CAE9-4DAE-9ECB-61A3316E7098}.Debug|Any CPU.ActiveCfg = Debug|Any CPU
		{81DB5FAD-CAE9-4DAE-9ECB-61A3316E7098}.Debug|Any CPU.Build.0 = Debug|Any CPU
		{81DB5FAD-CAE9-4DAE-9ECB-61A3316E7098}.Release|Any CPU.ActiveCfg = Release|Any CPU
		{81DB5FAD-CAE9-4DAE-9ECB-61A3316E7098}.Release|Any CPU.Build.0 = Release|Any CPU
	EndGlobalSection
	GlobalSection(SolutionProperties) = preSolution
		HideSolutionNode = FALSE
	EndGlobalSection
	GlobalSection(NestedProjects) = preSolution
		{81DB5FAD-CAE9-4DAE-9ECB-61A3316E7098} = {098461F2-890B-4073-B618-187F289C8779}
	EndGlobalSection
EndGlobal
